{
  "name": "pangu-examples",
  "version": "1.0.0",
  "lockfileVersion": 3,
  "requires": true,
  "packages": {
    "": {
      "name": "pangu-examples",
      "version": "1.0.0",
      "dependencies": {
        "pangu": "file:.."
      }
    },
    "..": {
      "name": "pangu",
      "version": "6.1.0",
      "license": "MIT",
      "bin": {
        "pangu": "dist/node/cli.js"
      },
      "devDependencies": {
        "@playwright/test": "1.53.0",
        "@trivago/prettier-plugin-sort-imports": "5.2.2",
        "@types/chrome": "0.0.326",
        "@types/node": "24.0.2",
        "eslint": "9.29.0",
        "eslint-config-prettier": "10.1.5",
        "eslint-plugin-unicorn": "59.0.1",
        "nodemon": "3.1.10",
        "prettier": "3.5.3",
        "typescript": "5.8.3",
        "typescript-eslint": "8.34.1",
        "vite": "6.3.5",
        "vite-plugin-dts": "4.5.4",
        "vitest": "3.2.3"
      },
      "engines": {
        "node": ">=18.0.0"
      }
    },
    "node_modules/pangu": {
      "resolved": "..",
      "link": true
    }
  }
}
